
Microsoft Visual Studio Solution File, Format Version 12.00
# Visual Studio Version 16
VisualStudioVersion = 16.0.28902.138
MinimumVisualStudioVersion = 10.0.40219.1
Project("{9A19103F-16F7-4668-BE54-9A1E7A4F7556}") = "civdrafterbl", "civdrafterbl\civdrafterbl.csproj", "{6B47D75C-1037-4537-B125-77528C94E695}"
EndProject
Global
	GlobalSection(SolutionConfigurationPlatforms) = preSolution
		Debug|Any CPU = Debug|Any CPU
		Release|Any CPU = Release|Any CPU
	EndGlobalSection
	GlobalSection(ProjectConfigurationPlatforms) = postSolution
		{6B47D75C-1037-4537-B125-77528C94E695}.Debug|Any CPU.ActiveCfg = Debug|Any CPU
		{6B47D75C-1037-4537-B125-77528C94E695}.Debug|Any CPU.Build.0 = Debug|Any CPU
		{6B47D75C-1037-4537-B125-77528C94E695}.Release|Any CPU.ActiveCfg = Release|Any CPU
		{6B47D75C-1037-4537-B125-77528C94E695}.Release|Any CPU.Build.0 = Release|Any CPU
	EndGlobalSection
	GlobalSection(SolutionProperties) = preSolution
		HideSolutionNode = FALSE
	EndGlobalSection
	GlobalSection(ExtensibilityGlobals) = postSolution
		SolutionGuid = {9222BC1B-932F-49EF-AD65-734665402B5F}
	EndGlobalSection
EndGlobal
